// !$*UTF8*$!
{
	archiveVersion = 1;
	classes = {
	};
	objectVersion = 52;
	objects = {

/* Begin PBXBuildFile section */
		8E16C185261748FB005C3968 /* Swinject in Frameworks */ = {isa = PBXBuildFile; productRef = 8E16C184261748FB005C3968 /* Swinject */; };
		8E16C18C26174AA0005C3968 /* Characters.swift in Sources */ = {isa = PBXBuildFile; fileRef = 8E16C18B26174AA0005C3968 /* Characters.swift */; };
		8E16C192261752F6005C3968 /* Kingfisher in Frameworks */ = {isa = PBXBuildFile; productRef = 8E16C191261752F6005C3968 /* Kingfisher */; };
		8E18278C26022D8E00E67A29 /* AppDelegate.swift in Sources */ = {isa = PBXBuildFile; fileRef = 8E18278B26022D8E00E67A29 /* AppDelegate.swift */; };
		8E18279026022D8E00E67A29 /* ViewController.swift in Sources */ = {isa = PBXBuildFile; fileRef = 8E18278F26022D8E00E67A29 /* ViewController.swift */; };
		8E18279326022D8E00E67A29 /* Main.storyboard in Resources */ = {isa = PBXBuildFile; fileRef = 8E18279126022D8E00E67A29 /* Main.storyboard */; };
		8E18279526022D9400E67A29 /* Assets.xcassets in Resources */ = {isa = PBXBuildFile; fileRef = 8E18279426022D9400E67A29 /* Assets.xcassets */; };
		8E18279826022D9400E67A29 /* LaunchScreen.storyboard in Resources */ = {isa = PBXBuildFile; fileRef = 8E18279626022D9400E67A29 /* LaunchScreen.storyboard */; };
		8E1827AC2603C0E800E67A29 /* Roboto.ttf in Resources */ = {isa = PBXBuildFile; fileRef = 8E1827AB2603C0E800E67A29 /* Roboto.ttf */; };
		8E7DA7A4260E0EB200BB9BD9 /* NSObject+className.swift in Sources */ = {isa = PBXBuildFile; fileRef = 8E7DA7A3260E0EB200BB9BD9 /* NSObject+className.swift */; };
		8E7DA7A7260E180200BB9BD9 /* CGColor+UIColor.swift in Sources */ = {isa = PBXBuildFile; fileRef = 8E7DA7A6260E180200BB9BD9 /* CGColor+UIColor.swift */; };
		8E7DA7AA260E182300BB9BD9 /* UIImage+PortraitImage.swift in Sources */ = {isa = PBXBuildFile; fileRef = 8E7DA7A9260E182300BB9BD9 /* UIImage+PortraitImage.swift */; };
		8E7DCFE72611DFF700741897 /* CharacterTableViewCell.swift in Sources */ = {isa = PBXBuildFile; fileRef = 8E7DCFE52611DFF700741897 /* CharacterTableViewCell.swift */; };
		8E7DCFE82611DFF700741897 /* CharacterTableViewCell.xib in Resources */ = {isa = PBXBuildFile; fileRef = 8E7DCFE62611DFF700741897 /* CharacterTableViewCell.xib */; };
		8E7DD01C261461C000741897 /* CellConfiguratorProtocol.swift in Sources */ = {isa = PBXBuildFile; fileRef = 8E7DD01B261461C000741897 /* CellConfiguratorProtocol.swift */; };
		8E7DD01F261461D100741897 /* ConfigurableCellProtocol.swift in Sources */ = {isa = PBXBuildFile; fileRef = 8E7DD01E261461D100741897 /* ConfigurableCellProtocol.swift */; };
		8E7DD028261482ED00741897 /* CustomHeaderTableViewCell.swift in Sources */ = {isa = PBXBuildFile; fileRef = 8E7DD026261482EC00741897 /* CustomHeaderTableViewCell.swift */; };
		8E7DD029261482ED00741897 /* CustomHeaderTableViewCell.xib in Resources */ = {isa = PBXBuildFile; fileRef = 8E7DD027261482EC00741897 /* CustomHeaderTableViewCell.xib */; };
		8E7DD0352614974900741897 /* ConfigurableHeaderProtocol.swift in Sources */ = {isa = PBXBuildFile; fileRef = 8E7DD0342614974800741897 /* ConfigurableHeaderProtocol.swift */; };
		8E7DD0382614980E00741897 /* HeaderConfiguratorProtocol.swift in Sources */ = {isa = PBXBuildFile; fileRef = 8E7DD0372614980E00741897 /* HeaderConfiguratorProtocol.swift */; };
		8E7DD04A2616F4A300741897 /* DetailViewController.swift in Sources */ = {isa = PBXBuildFile; fileRef = 8E7DD0492616F4A200741897 /* DetailViewController.swift */; };
		8E7DD051261717D200741897 /* ItemsListDisplayDelegate.swift in Sources */ = {isa = PBXBuildFile; fileRef = 8E7DD050261717D200741897 /* ItemsListDisplayDelegate.swift */; };
		8E7DD058261728F700741897 /* ContactCollectionViewCell.swift in Sources */ = {isa = PBXBuildFile; fileRef = 8E7DD056261728F700741897 /* ContactCollectionViewCell.swift */; };
		8E7DD059261728F700741897 /* ContactCollectionViewCell.xib in Resources */ = {isa = PBXBuildFile; fileRef = 8E7DD057261728F700741897 /* ContactCollectionViewCell.xib */; };
		8E7DD05E2617453900741897 /* Alamofire in Frameworks */ = {isa = PBXBuildFile; productRef = 8E7DD05D2617453900741897 /* Alamofire */; };
		8E824D37261B101E0042A03D /* ItemListViewModel.swift in Sources */ = {isa = PBXBuildFile; fileRef = 8E824D36261B101E0042A03D /* ItemListViewModel.swift */; };
		8E86C189260E0A3400FC4EB0 /* ItemsListTableViewDataSource.swift in Sources */ = {isa = PBXBuildFile; fileRef = 8E86C188260E0A3400FC4EB0 /* ItemsListTableViewDataSource.swift */; };
		8E88CAA52604D4F7009927E6 /* SceneDelegate.swift in Sources */ = {isa = PBXBuildFile; fileRef = 8E88CAA42604D4F7009927E6 /* SceneDelegate.swift */; };
		8E88CAA92604E563009927E6 /* CustomButton.swift in Sources */ = {isa = PBXBuildFile; fileRef = 8E88CAA82604E563009927E6 /* CustomButton.swift */; };
		8E88CAB6260E0294009927E6 /* ItemsListViewController.swift in Sources */ = {isa = PBXBuildFile; fileRef = 8E88CAB5260E0294009927E6 /* ItemsListViewController.swift */; };
/* End PBXBuildFile section */

/* Begin PBXFileReference section */
		8E16C18B26174AA0005C3968 /* Characters.swift */ = {isa = PBXFileReference; lastKnownFileType = sourcecode.swift; path = Characters.swift; sourceTree = "<group>"; };
		8E18278826022D8E00E67A29 /* IproveSchool.app */ = {isa = PBXFileReference; explicitFileType = wrapper.application; includeInIndex = 0; path = IproveSchool.app; sourceTree = BUILT_PRODUCTS_DIR; };
		8E18278B26022D8E00E67A29 /* AppDelegate.swift */ = {isa = PBXFileReference; lastKnownFileType = sourcecode.swift; path = AppDelegate.swift; sourceTree = "<group>"; };
		8E18278F26022D8E00E67A29 /* ViewController.swift */ = {isa = PBXFileReference; lastKnownFileType = sourcecode.swift; path = ViewController.swift; sourceTree = "<group>"; };
		8E18279226022D8E00E67A29 /* Base */ = {isa = PBXFileReference; lastKnownFileType = file.storyboard; name = Base; path = Base.lproj/Main.storyboard; sourceTree = "<group>"; };
		8E18279426022D9400E67A29 /* Assets.xcassets */ = {isa = PBXFileReference; lastKnownFileType = folder.assetcatalog; path = Assets.xcassets; sourceTree = "<group>"; };
		8E18279726022D9400E67A29 /* Base */ = {isa = PBXFileReference; lastKnownFileType = file.storyboard; name = Base; path = Base.lproj/LaunchScreen.storyboard; sourceTree = "<group>"; };
		8E18279926022D9400E67A29 /* Info.plist */ = {isa = PBXFileReference; lastKnownFileType = text.plist.xml; path = Info.plist; sourceTree = "<group>"; };
		8E1827AB2603C0E800E67A29 /* Roboto.ttf */ = {isa = PBXFileReference; lastKnownFileType = file; path = Roboto.ttf; sourceTree = "<group>"; };
		8E7DA7A3260E0EB200BB9BD9 /* NSObject+className.swift */ = {isa = PBXFileReference; lastKnownFileType = sourcecode.swift; path = "NSObject+className.swift"; sourceTree = "<group>"; };
		8E7DA7A6260E180200BB9BD9 /* CGColor+UIColor.swift */ = {isa = PBXFileReference; lastKnownFileType = sourcecode.swift; path = "CGColor+UIColor.swift"; sourceTree = "<group>"; };
		8E7DA7A9260E182300BB9BD9 /* UIImage+PortraitImage.swift */ = {isa = PBXFileReference; lastKnownFileType = sourcecode.swift; path = "UIImage+PortraitImage.swift"; sourceTree = "<group>"; };
		8E7DCFE52611DFF700741897 /* CharacterTableViewCell.swift */ = {isa = PBXFileReference; lastKnownFileType = sourcecode.swift; path = CharacterTableViewCell.swift; sourceTree = "<group>"; };
		8E7DCFE62611DFF700741897 /* CharacterTableViewCell.xib */ = {isa = PBXFileReference; lastKnownFileType = file.xib; path = CharacterTableViewCell.xib; sourceTree = "<group>"; };
		8E7DD01B261461C000741897 /* CellConfiguratorProtocol.swift */ = {isa = PBXFileReference; lastKnownFileType = sourcecode.swift; path = CellConfiguratorProtocol.swift; sourceTree = "<group>"; };
		8E7DD01E261461D100741897 /* ConfigurableCellProtocol.swift */ = {isa = PBXFileReference; lastKnownFileType = sourcecode.swift; path = ConfigurableCellProtocol.swift; sourceTree = "<group>"; };
		8E7DD026261482EC00741897 /* CustomHeaderTableViewCell.swift */ = {isa = PBXFileReference; lastKnownFileType = sourcecode.swift; path = CustomHeaderTableViewCell.swift; sourceTree = "<group>"; };
		8E7DD027261482EC00741897 /* CustomHeaderTableViewCell.xib */ = {isa = PBXFileReference; lastKnownFileType = file.xib; path = CustomHeaderTableViewCell.xib; sourceTree = "<group>"; };
		8E7DD0342614974800741897 /* ConfigurableHeaderProtocol.swift */ = {isa = PBXFileReference; lastKnownFileType = sourcecode.swift; path = ConfigurableHeaderProtocol.swift; sourceTree = "<group>"; };
		8E7DD0372614980E00741897 /* HeaderConfiguratorProtocol.swift */ = {isa = PBXFileReference; lastKnownFileType = sourcecode.swift; path = HeaderConfiguratorProtocol.swift; sourceTree = "<group>"; };
		8E7DD0492616F4A200741897 /* DetailViewController.swift */ = {isa = PBXFileReference; lastKnownFileType = sourcecode.swift; path = DetailViewController.swift; sourceTree = "<group>"; };
		8E7DD050261717D200741897 /* ItemsListDisplayDelegate.swift */ = {isa = PBXFileReference; lastKnownFileType = sourcecode.swift; path = ItemsListDisplayDelegate.swift; sourceTree = "<group>"; };
		8E7DD056261728F700741897 /* ContactCollectionViewCell.swift */ = {isa = PBXFileReference; lastKnownFileType = sourcecode.swift; path = ContactCollectionViewCell.swift; sourceTree = "<group>"; };
		8E7DD057261728F700741897 /* ContactCollectionViewCell.xib */ = {isa = PBXFileReference; lastKnownFileType = file.xib; path = ContactCollectionViewCell.xib; sourceTree = "<group>"; };
		8E824D36261B101E0042A03D /* ItemListViewModel.swift */ = {isa = PBXFileReference; lastKnownFileType = sourcecode.swift; path = ItemListViewModel.swift; sourceTree = "<group>"; };
		8E86C188260E0A3400FC4EB0 /* ItemsListTableViewDataSource.swift */ = {isa = PBXFileReference; lastKnownFileType = sourcecode.swift; path = ItemsListTableViewDataSource.swift; sourceTree = "<group>"; };
		8E88CAA42604D4F7009927E6 /* SceneDelegate.swift */ = {isa = PBXFileReference; lastKnownFileType = sourcecode.swift; path = SceneDelegate.swift; sourceTree = "<group>"; };
		8E88CAA82604E563009927E6 /* CustomButton.swift */ = {isa = PBXFileReference; lastKnownFileType = sourcecode.swift; path = CustomButton.swift; sourceTree = "<group>"; };
		8E88CAB5260E0294009927E6 /* ItemsListViewController.swift */ = {isa = PBXFileReference; lastKnownFileType = sourcecode.swift; path = ItemsListViewController.swift; sourceTree = "<group>"; };
/* End PBXFileReference section */

/* Begin PBXFrameworksBuildPhase section */
		8E18278526022D8D00E67A29 /* Frameworks */ = {
			isa = PBXFrameworksBuildPhase;
			buildActionMask = 2147483647;
			files = (
				8E16C192261752F6005C3968 /* Kingfisher in Frameworks */,
				8E7DD05E2617453900741897 /* Alamofire in Frameworks */,
				8E16C185261748FB005C3968 /* Swinject in Frameworks */,
			);
			runOnlyForDeploymentPostprocessing = 0;
		};
/* End PBXFrameworksBuildPhase section */

/* Begin PBXGroup section */
		8E16C18A26174A91005C3968 /* Models */ = {
			isa = PBXGroup;
			children = (
				8E16C18B26174AA0005C3968 /* Characters.swift */,
			);
			path = Models;
			sourceTree = "<group>";
		};
		8E18277F26022D8D00E67A29 = {
			isa = PBXGroup;
			children = (
				8E18278A26022D8E00E67A29 /* IproveSchool */,
				8E18278926022D8E00E67A29 /* Products */,
			);
			sourceTree = "<group>";
		};
		8E18278926022D8E00E67A29 /* Products */ = {
			isa = PBXGroup;
			children = (
				8E18278826022D8E00E67A29 /* IproveSchool.app */,
			);
			name = Products;
			sourceTree = "<group>";
		};
		8E18278A26022D8E00E67A29 /* IproveSchool */ = {
			isa = PBXGroup;
			children = (
				8E16C18A26174A91005C3968 /* Models */,
				8E7DA7AD260E188800BB9BD9 /* Main */,
				8E86C184260E051800FC4EB0 /* Extensions */,
				8E86C183260E050100FC4EB0 /* Services */,
				8E1827AA2603C0CE00E67A29 /* Fonts */,
				8E88CAB3260E0236009927E6 /* ItemsList */,
				8E18279126022D8E00E67A29 /* Main.storyboard */,
				8E18279426022D9400E67A29 /* Assets.xcassets */,
				8E18279626022D9400E67A29 /* LaunchScreen.storyboard */,
			);
			path = IproveSchool;
			sourceTree = "<group>";
		};
		8E1827AA2603C0CE00E67A29 /* Fonts */ = {
			isa = PBXGroup;
			children = (
				8E1827AB2603C0E800E67A29 /* Roboto.ttf */,
			);
			path = Fonts;
			sourceTree = "<group>";
		};
		8E7DA7AD260E188800BB9BD9 /* Main */ = {
			isa = PBXGroup;
			children = (
				8E18278F26022D8E00E67A29 /* ViewController.swift */,
				8E7DA7AE260E189900BB9BD9 /* CustomButton */,
			);
			path = Main;
			sourceTree = "<group>";
		};
		8E7DA7AE260E189900BB9BD9 /* CustomButton */ = {
			isa = PBXGroup;
			children = (
				8E88CAA82604E563009927E6 /* CustomButton.swift */,
			);
			path = CustomButton;
			sourceTree = "<group>";
		};
		8E7DCFE42611DFCF00741897 /* CharacterTableViewCell */ = {
			isa = PBXGroup;
			children = (
				8E7DCFE52611DFF700741897 /* CharacterTableViewCell.swift */,
				8E7DCFE62611DFF700741897 /* CharacterTableViewCell.xib */,
			);
			path = CharacterTableViewCell;
			sourceTree = "<group>";
		};
		8E7DD02B261482F200741897 /* Header */ = {
			isa = PBXGroup;
			children = (
				8E7DD026261482EC00741897 /* CustomHeaderTableViewCell.swift */,
				8E7DD027261482EC00741897 /* CustomHeaderTableViewCell.xib */,
			);
			path = Header;
			sourceTree = "<group>";
		};
		8E7DD0482616F47700741897 /* DetailViewController */ = {
			isa = PBXGroup;
			children = (
				8E7DD055261728D400741897 /* Cells */,
				8E7DD0492616F4A200741897 /* DetailViewController.swift */,
			);
			path = DetailViewController;
			sourceTree = "<group>";
		};
		8E7DD055261728D400741897 /* Cells */ = {
			isa = PBXGroup;
			children = (
				8E7DD056261728F700741897 /* ContactCollectionViewCell.swift */,
				8E7DD057261728F700741897 /* ContactCollectionViewCell.xib */,
			);
			path = Cells;
			sourceTree = "<group>";
		};
		8E86C183260E050100FC4EB0 /* Services */ = {
			isa = PBXGroup;
			children = (
				8E18278B26022D8E00E67A29 /* AppDelegate.swift */,
				8E88CAA42604D4F7009927E6 /* SceneDelegate.swift */,
				8E18279926022D9400E67A29 /* Info.plist */,
			);
			path = Services;
			sourceTree = "<group>";
		};
		8E86C184260E051800FC4EB0 /* Extensions */ = {
			isa = PBXGroup;
			children = (
				8E7DA7A3260E0EB200BB9BD9 /* NSObject+className.swift */,
				8E7DA7A6260E180200BB9BD9 /* CGColor+UIColor.swift */,
				8E7DA7A9260E182300BB9BD9 /* UIImage+PortraitImage.swift */,
			);
			path = Extensions;
			sourceTree = "<group>";
		};
		8E88CAB3260E0236009927E6 /* ItemsList */ = {
			isa = PBXGroup;
			children = (
				8E88CAB5260E0294009927E6 /* ItemsListViewController.swift */,
				8E86C188260E0A3400FC4EB0 /* ItemsListTableViewDataSource.swift */,
				8E7DD050261717D200741897 /* ItemsListDisplayDelegate.swift */,
				8E824D36261B101E0042A03D /* ItemListViewModel.swift */,
				8E88CAB4260E0258009927E6 /* Cells */,
				8E7DD0482616F47700741897 /* DetailViewController */,
			);
			path = ItemsList;
			sourceTree = "<group>";
		};
		8E88CAB4260E0258009927E6 /* Cells */ = {
			isa = PBXGroup;
			children = (
				8E7DD01E261461D100741897 /* ConfigurableCellProtocol.swift */,
				8E7DD0342614974800741897 /* ConfigurableHeaderProtocol.swift */,
				8E7DD01B261461C000741897 /* CellConfiguratorProtocol.swift */,
				8E7DD0372614980E00741897 /* HeaderConfiguratorProtocol.swift */,
				8E7DD02B261482F200741897 /* Header */,
				8E7DCFE42611DFCF00741897 /* CharacterTableViewCell */,
			);
			path = Cells;
			sourceTree = "<group>";
		};
/* End PBXGroup section */

/* Begin PBXNativeTarget section */
		8E18278726022D8D00E67A29 /* IproveSchool */ = {
			isa = PBXNativeTarget;
			buildConfigurationList = 8E18279C26022D9400E67A29 /* Build configuration list for PBXNativeTarget "IproveSchool" */;
			buildPhases = (
				8E18278426022D8D00E67A29 /* Sources */,
				8E18278526022D8D00E67A29 /* Frameworks */,
				8E18278626022D8D00E67A29 /* Resources */,
			);
			buildRules = (
			);
			dependencies = (
			);
			name = IproveSchool;
			packageProductDependencies = (
				8E7DD05D2617453900741897 /* Alamofire */,
				8E16C184261748FB005C3968 /* Swinject */,
				8E16C191261752F6005C3968 /* Kingfisher */,
			);
			productName = IproveSchool;
			productReference = 8E18278826022D8E00E67A29 /* IproveSchool.app */;
			productType = "com.apple.product-type.application";
		};
/* End PBXNativeTarget section */

/* Begin PBXProject section */
		8E18278026022D8D00E67A29 /* Project object */ = {
			isa = PBXProject;
			attributes = {
				LastSwiftUpdateCheck = 1240;
				LastUpgradeCheck = 1240;
				TargetAttributes = {
					8E18278726022D8D00E67A29 = {
						CreatedOnToolsVersion = 12.4;
					};
				};
			};
			buildConfigurationList = 8E18278326022D8D00E67A29 /* Build configuration list for PBXProject "IproveSchool" */;
			compatibilityVersion = "Xcode 9.3";
			developmentRegion = en;
			hasScannedForEncodings = 0;
			knownRegions = (
				en,
				Base,
			);
			mainGroup = 8E18277F26022D8D00E67A29;
			packageReferences = (
				8E7DD05C2617453800741897 /* XCRemoteSwiftPackageReference "Alamofire" */,
				8E16C183261748FB005C3968 /* XCRemoteSwiftPackageReference "Swinject" */,
				8E16C190261752F6005C3968 /* XCRemoteSwiftPackageReference "Kingfisher" */,
			);
			productRefGroup = 8E18278926022D8E00E67A29 /* Products */;
			projectDirPath = "";
			projectRoot = "";
			targets = (
				8E18278726022D8D00E67A29 /* IproveSchool */,
			);
		};
/* End PBXProject section */

/* Begin PBXResourcesBuildPhase section */
		8E18278626022D8D00E67A29 /* Resources */ = {
			isa = PBXResourcesBuildPhase;
			buildActionMask = 2147483647;
			files = (
				8E1827AC2603C0E800E67A29 /* Roboto.ttf in Resources */,
				8E7DD029261482ED00741897 /* CustomHeaderTableViewCell.xib in Resources */,
				8E7DD059261728F700741897 /* ContactCollectionViewCell.xib in Resources */,
				8E18279826022D9400E67A29 /* LaunchScreen.storyboard in Resources */,
				8E18279526022D9400E67A29 /* Assets.xcassets in Resources */,
				8E18279326022D8E00E67A29 /* Main.storyboard in Resources */,
				8E7DCFE82611DFF700741897 /* CharacterTableViewCell.xib in Resources */,
			);
			runOnlyForDeploymentPostprocessing = 0;
		};
/* End PBXResourcesBuildPhase section */

/* Begin PBXSourcesBuildPhase section */
		8E18278426022D8D00E67A29 /* Sources */ = {
			isa = PBXSourcesBuildPhase;
			buildActionMask = 2147483647;
			files = (
				8E7DA7A4260E0EB200BB9BD9 /* NSObject+className.swift in Sources */,
				8E824D37261B101E0042A03D /* ItemListViewModel.swift in Sources */,
				8E7DD0352614974900741897 /* ConfigurableHeaderProtocol.swift in Sources */,
				8E7DD0382614980E00741897 /* HeaderConfiguratorProtocol.swift in Sources */,
				8E88CAA92604E563009927E6 /* CustomButton.swift in Sources */,
				8E16C18C26174AA0005C3968 /* Characters.swift in Sources */,
				8E7DD058261728F700741897 /* ContactCollectionViewCell.swift in Sources */,
				8E7DD051261717D200741897 /* ItemsListDisplayDelegate.swift in Sources */,
				8E86C189260E0A3400FC4EB0 /* ItemsListTableViewDataSource.swift in Sources */,
				8E18279026022D8E00E67A29 /* ViewController.swift in Sources */,
				8E18278C26022D8E00E67A29 /* AppDelegate.swift in Sources */,
				8E7DD01F261461D100741897 /* ConfigurableCellProtocol.swift in Sources */,
				8E7DCFE72611DFF700741897 /* CharacterTableViewCell.swift in Sources */,
				8E7DD04A2616F4A300741897 /* DetailViewController.swift in Sources */,
				8E88CAA52604D4F7009927E6 /* SceneDelegate.swift in Sources */,
				8E7DD01C261461C000741897 /* CellConfiguratorProtocol.swift in Sources */,
				8E7DA7A7260E180200BB9BD9 /* CGColor+UIColor.swift in Sources */,
				8E7DD028261482ED00741897 /* CustomHeaderTableViewCell.swift in Sources */,
				8E88CAB6260E0294009927E6 /* ItemsListViewController.swift in Sources */,
				8E7DA7AA260E182300BB9BD9 /* UIImage+PortraitImage.swift in Sources */,
			);
			runOnlyForDeploymentPostprocessing = 0;
		};
/* End PBXSourcesBuildPhase section */

/* Begin PBXVariantGroup section */
		8E18279126022D8E00E67A29 /* Main.storyboard */ = {
			isa = PBXVariantGroup;
			children = (
				8E18279226022D8E00E67A29 /* Base */,
			);
			name = Main.storyboard;
			sourceTree = "<group>";
		};
		8E18279626022D9400E67A29 /* LaunchScreen.storyboard */ = {
			isa = PBXVariantGroup;
			children = (
				8E18279726022D9400E67A29 /* Base */,
			);
			name = LaunchScreen.storyboard;
			sourceTree = "<group>";
		};
/* End PBXVariantGroup section */

/* Begin XCBuildConfiguration section */
		8E18279A26022D9400E67A29 /* Debug */ = {
			isa = XCBuildConfiguration;
			buildSettings = {
				ALWAYS_SEARCH_USER_PATHS = NO;
				CLANG_ANALYZER_NONNULL = YES;
				CLANG_ANALYZER_NUMBER_OBJECT_CONVERSION = YES_AGGRESSIVE;
				CLANG_CXX_LANGUAGE_STANDARD = "gnu++14";
				CLANG_CXX_LIBRARY = "libc++";
				CLANG_ENABLE_MODULES = YES;
				CLANG_ENABLE_OBJC_ARC = YES;
				CLANG_ENABLE_OBJC_WEAK = YES;
				CLANG_WARN_BLOCK_CAPTURE_AUTORELEASING = YES;
				CLANG_WARN_BOOL_CONVERSION = YES;
				CLANG_WARN_COMMA = YES;
				CLANG_WARN_CONSTANT_CONVERSION = YES;
				CLANG_WARN_DEPRECATED_OBJC_IMPLEMENTATIONS = YES;
				CLANG_WARN_DIRECT_OBJC_ISA_USAGE = YES_ERROR;
				CLANG_WARN_DOCUMENTATION_COMMENTS = YES;
				CLANG_WARN_EMPTY_BODY = YES;
				CLANG_WARN_ENUM_CONVERSION = YES;
				CLANG_WARN_INFINITE_RECURSION = YES;
				CLANG_WARN_INT_CONVERSION = YES;
				CLANG_WARN_NON_LITERAL_NULL_CONVERSION = YES;
				CLANG_WARN_OBJC_IMPLICIT_RETAIN_SELF = YES;
				CLANG_WARN_OBJC_LITERAL_CONVERSION = YES;
				CLANG_WARN_OBJC_ROOT_CLASS = YES_ERROR;
				CLANG_WARN_QUOTED_INCLUDE_IN_FRAMEWORK_HEADER = YES;
				CLANG_WARN_RANGE_LOOP_ANALYSIS = YES;
				CLANG_WARN_STRICT_PROTOTYPES = YES;
				CLANG_WARN_SUSPICIOUS_MOVE = YES;
				CLANG_WARN_UNGUARDED_AVAILABILITY = YES_AGGRESSIVE;
				CLANG_WARN_UNREACHABLE_CODE = YES;
				CLANG_WARN__DUPLICATE_METHOD_MATCH = YES;
				COPY_PHASE_STRIP = NO;
				DEBUG_INFORMATION_FORMAT = dwarf;
				ENABLE_STRICT_OBJC_MSGSEND = YES;
				ENABLE_TESTABILITY = YES;
				GCC_C_LANGUAGE_STANDARD = gnu11;
				GCC_DYNAMIC_NO_PIC = NO;
				GCC_NO_COMMON_BLOCKS = YES;
				GCC_OPTIMIZATION_LEVEL = 0;
				GCC_PREPROCESSOR_DEFINITIONS = (
					"DEBUG=1",
					"$(inherited)",
				);
				GCC_WARN_64_TO_32_BIT_CONVERSION = YES;
				GCC_WARN_ABOUT_RETURN_TYPE = YES_ERROR;
				GCC_WARN_UNDECLARED_SELECTOR = YES;
				GCC_WARN_UNINITIALIZED_AUTOS = YES_AGGRESSIVE;
				GCC_WARN_UNUSED_FUNCTION = YES;
				GCC_WARN_UNUSED_VARIABLE = YES;
				IPHONEOS_DEPLOYMENT_TARGET = 14.4;
				MTL_ENABLE_DEBUG_INFO = INCLUDE_SOURCE;
				MTL_FAST_MATH = YES;
				ONLY_ACTIVE_ARCH = YES;
				SDKROOT = iphoneos;
				SWIFT_ACTIVE_COMPILATION_CONDITIONS = DEBUG;
				SWIFT_OPTIMIZATION_LEVEL = "-Onone";
			};
			name = Debug;
		};
		8E18279B26022D9400E67A29 /* Release */ = {
			isa = XCBuildConfiguration;
			buildSettings = {
				ALWAYS_SEARCH_USER_PATHS = NO;
				CLANG_ANALYZER_NONNULL = YES;
				CLANG_ANALYZER_NUMBER_OBJECT_CONVERSION = YES_AGGRESSIVE;
				CLANG_CXX_LANGUAGE_STANDARD = "gnu++14";
				CLANG_CXX_LIBRARY = "libc++";
				CLANG_ENABLE_MODULES = YES;
				CLANG_ENABLE_OBJC_ARC = YES;
				CLANG_ENABLE_OBJC_WEAK = YES;
				CLANG_WARN_BLOCK_CAPTURE_AUTORELEASING = YES;
				CLANG_WARN_BOOL_CONVERSION = YES;
				CLANG_WARN_COMMA = YES;
				CLANG_WARN_CONSTANT_CONVERSION = YES;
				CLANG_WARN_DEPRECATED_OBJC_IMPLEMENTATIONS = YES;
				CLANG_WARN_DIRECT_OBJC_ISA_USAGE = YES_ERROR;
				CLANG_WARN_DOCUMENTATION_COMMENTS = YES;
				CLANG_WARN_EMPTY_BODY = YES;
				CLANG_WARN_ENUM_CONVERSION = YES;
				CLANG_WARN_INFINITE_RECURSION = YES;
				CLANG_WARN_INT_CONVERSION = YES;
				CLANG_WARN_NON_LITERAL_NULL_CONVERSION = YES;
				CLANG_WARN_OBJC_IMPLICIT_RETAIN_SELF = YES;
				CLANG_WARN_OBJC_LITERAL_CONVERSION = YES;
				CLANG_WARN_OBJC_ROOT_CLASS = YES_ERROR;
				CLANG_WARN_QUOTED_INCLUDE_IN_FRAMEWORK_HEADER = YES;
				CLANG_WARN_RANGE_LOOP_ANALYSIS = YES;
				CLANG_WARN_STRICT_PROTOTYPES = YES;
				CLANG_WARN_SUSPICIOUS_MOVE = YES;
				CLANG_WARN_UNGUARDED_AVAILABILITY = YES_AGGRESSIVE;
				CLANG_WARN_UNREACHABLE_CODE = YES;
				CLANG_WARN__DUPLICATE_METHOD_MATCH = YES;
				COPY_PHASE_STRIP = NO;
				DEBUG_INFORMATION_FORMAT = "dwarf-with-dsym";
				ENABLE_NS_ASSERTIONS = NO;
				ENABLE_STRICT_OBJC_MSGSEND = YES;
				GCC_C_LANGUAGE_STANDARD = gnu11;
				GCC_NO_COMMON_BLOCKS = YES;
				GCC_WARN_64_TO_32_BIT_CONVERSION = YES;
				GCC_WARN_ABOUT_RETURN_TYPE = YES_ERROR;
				GCC_WARN_UNDECLARED_SELECTOR = YES;
				GCC_WARN_UNINITIALIZED_AUTOS = YES_AGGRESSIVE;
				GCC_WARN_UNUSED_FUNCTION = YES;
				GCC_WARN_UNUSED_VARIABLE = YES;
				IPHONEOS_DEPLOYMENT_TARGET = 14.4;
				MTL_ENABLE_DEBUG_INFO = NO;
				MTL_FAST_MATH = YES;
				SDKROOT = iphoneos;
				SWIFT_COMPILATION_MODE = wholemodule;
				SWIFT_OPTIMIZATION_LEVEL = "-O";
				VALIDATE_PRODUCT = YES;
			};
			name = Release;
		};
		8E18279D26022D9400E67A29 /* Debug */ = {
			isa = XCBuildConfiguration;
			buildSettings = {
				ASSETCATALOG_COMPILER_APPICON_NAME = AppIcon;
				ASSETCATALOG_COMPILER_GLOBAL_ACCENT_COLOR_NAME = AccentColor;
				CODE_SIGN_STYLE = Automatic;
				DEVELOPMENT_TEAM = WLLTHZ3VP7;
				INFOPLIST_FILE = IproveSchool/Services/Info.plist;
				LD_RUNPATH_SEARCH_PATHS = (
					"$(inherited)",
					"@executable_path/Frameworks",
				);
				PRODUCT_BUNDLE_IDENTIFIER = OnlyFrenzy.IproveSchool;
				PRODUCT_NAME = "$(TARGET_NAME)";
				SWIFT_VERSION = 5.0;
				TARGETED_DEVICE_FAMILY = "1,2";
			};
			name = Debug;
		};
		8E18279E26022D9400E67A29 /* Release */ = {
			isa = XCBuildConfiguration;
			buildSettings = {
				ASSETCATALOG_COMPILER_APPICON_NAME = AppIcon;
				ASSETCATALOG_COMPILER_GLOBAL_ACCENT_COLOR_NAME = AccentColor;
				CODE_SIGN_STYLE = Automatic;
				DEVELOPMENT_TEAM = WLLTHZ3VP7;
				INFOPLIST_FILE = IproveSchool/Services/Info.plist;
				LD_RUNPATH_SEARCH_PATHS = (
					"$(inherited)",
					"@executable_path/Frameworks",
				);
				PRODUCT_BUNDLE_IDENTIFIER = OnlyFrenzy.IproveSchool;
				PRODUCT_NAME = "$(TARGET_NAME)";
				SWIFT_VERSION = 5.0;
				TARGETED_DEVICE_FAMILY = "1,2";
			};
			name = Release;
		};
/* End XCBuildConfiguration section */

/* Begin XCConfigurationList section */
		8E18278326022D8D00E67A29 /* Build configuration list for PBXProject "IproveSchool" */ = {
			isa = XCConfigurationList;
			buildConfigurations = (
				8E18279A26022D9400E67A29 /* Debug */,
				8E18279B26022D9400E67A29 /* Release */,
			);
			defaultConfigurationIsVisible = 0;
			defaultConfigurationName = Release;
		};
		8E18279C26022D9400E67A29 /* Build configuration list for PBXNativeTarget "IproveSchool" */ = {
			isa = XCConfigurationList;
			buildConfigurations = (
				8E18279D26022D9400E67A29 /* Debug */,
				8E18279E26022D9400E67A29 /* Release */,
			);
			defaultConfigurationIsVisible = 0;
			defaultConfigurationName = Release;
		};
/* End XCConfigurationList section */

/* Begin XCRemoteSwiftPackageReference section */
		8E16C183261748FB005C3968 /* XCRemoteSwiftPackageReference "Swinject" */ = {
			isa = XCRemoteSwiftPackageReference;
			repositoryURL = "https://github.com/Swinject/Swinject.git";
			requirement = {
				kind = upToNextMajorVersion;
				minimumVersion = 2.7.1;
			};
		};
		8E16C190261752F6005C3968 /* XCRemoteSwiftPackageReference "Kingfisher" */ = {
			isa = XCRemoteSwiftPackageReference;
			repositoryURL = "https://github.com/onevcat/Kingfisher.git";
			requirement = {
				kind = upToNextMajorVersion;
				minimumVersion = 6.2.1;
			};
		};
		8E7DD05C2617453800741897 /* XCRemoteSwiftPackageReference "Alamofire" */ = {
			isa = XCRemoteSwiftPackageReference;
			repositoryURL = "https://github.com/Alamofire/Alamofire.git";
			requirement = {
				kind = upToNextMajorVersion;
				minimumVersion = 5.4.1;
			};
		};
/* End XCRemoteSwiftPackageReference section */

/* Begin XCSwiftPackageProductDependency section */
		8E16C184261748FB005C3968 /* Swinject */ = {
			isa = XCSwiftPackageProductDependency;
			package = 8E16C183261748FB005C3968 /* XCRemoteSwiftPackageReference "Swinject" */;
			productName = Swinject;
		};
		8E16C191261752F6005C3968 /* Kingfisher */ = {
			isa = XCSwiftPackageProductDependency;
			package = 8E16C190261752F6005C3968 /* XCRemoteSwiftPackageReference "Kingfisher" */;
			productName = Kingfisher;
		};
		8E7DD05D2617453900741897 /* Alamofire */ = {
			isa = XCSwiftPackageProductDependency;
			package = 8E7DD05C2617453800741897 /* XCRemoteSwiftPackageReference "Alamofire" */;
			productName = Alamofire;
		};
/* End XCSwiftPackageProductDependency section */
	};
	rootObject = 8E18278026022D8D00E67A29 /* Project object */;
}
